// !$*UTF8*$!
{
	archiveVersion = 1;
	classes = {
	};
	objectVersion = 46;
	objects = {

/* Begin PBXBuildFile section */
		5453E6741D73E6B9007DEF25 /* AppDelegate.swift in Sources */ = {isa = PBXBuildFile; fileRef = 5453E6731D73E6B9007DEF25 /* AppDelegate.swift */; };
		5453E6761D73E6B9007DEF25 /* ViewController.swift in Sources */ = {isa = PBXBuildFile; fileRef = 5453E6751D73E6B9007DEF25 /* ViewController.swift */; };
		5453E6791D73E6B9007DEF25 /* Main.storyboard in Resources */ = {isa = PBXBuildFile; fileRef = 5453E6771D73E6B9007DEF25 /* Main.storyboard */; };
		5453E67B1D73E6B9007DEF25 /* Assets.xcassets in Resources */ = {isa = PBXBuildFile; fileRef = 5453E67A1D73E6B9007DEF25 /* Assets.xcassets */; };
		5453E67E1D73E6B9007DEF25 /* LaunchScreen.storyboard in Resources */ = {isa = PBXBuildFile; fileRef = 5453E67C1D73E6B9007DEF25 /* LaunchScreen.storyboard */; };
		5453E69F1D73E6C9007DEF25 /* 1.png in Resources */ = {isa = PBXBuildFile; fileRef = 5453E6861D73E6C9007DEF25 /* 1.png */; };
		5453E6A01D73E6C9007DEF25 /* 3.png in Resources */ = {isa = PBXBuildFile; fileRef = 5453E6871D73E6C9007DEF25 /* 3.png */; };
		5453E6A11D73E6C9007DEF25 /* 5.png in Resources */ = {isa = PBXBuildFile; fileRef = 5453E6881D73E6C9007DEF25 /* 5.png */; };
		5453E6A21D73E6C9007DEF25 /* 7.png in Resources */ = {isa = PBXBuildFile; fileRef = 5453E6891D73E6C9007DEF25 /* 7.png */; };
		5453E6A31D73E6C9007DEF25 /* 9.png in Resources */ = {isa = PBXBuildFile; fileRef = 5453E68A1D73E6C9007DEF25 /* 9.png */; };
		5453E6A41D73E6C9007DEF25 /* 11.png in Resources */ = {isa = PBXBuildFile; fileRef = 5453E68B1D73E6C9007DEF25 /* 11.png */; };
		5453E6A51D73E6C9007DEF25 /* 13.png in Resources */ = {isa = PBXBuildFile; fileRef = 5453E68C1D73E6C9007DEF25 /* 13.png */; };
		5453E6A61D73E6C9007DEF25 /* 15.png in Resources */ = {isa = PBXBuildFile; fileRef = 5453E68D1D73E6C9007DEF25 /* 15.png */; };
		5453E6A71D73E6C9007DEF25 /* 17.png in Resources */ = {isa = PBXBuildFile; fileRef = 5453E68E1D73E6C9007DEF25 /* 17.png */; };
		5453E6A81D73E6C9007DEF25 /* 19.png in Resources */ = {isa = PBXBuildFile; fileRef = 5453E68F1D73E6C9007DEF25 /* 19.png */; };
		5453E6A91D73E6C9007DEF25 /* 21.png in Resources */ = {isa = PBXBuildFile; fileRef = 5453E6901D73E6C9007DEF25 /* 21.png */; };
		5453E6AA1D73E6C9007DEF25 /* 23.png in Resources */ = {isa = PBXBuildFile; fileRef = 5453E6911D73E6C9007DEF25 /* 23.png */; };
		5453E6AB1D73E6C9007DEF25 /* 25.png in Resources */ = {isa = PBXBuildFile; fileRef = 5453E6921D73E6C9007DEF25 /* 25.png */; };
		5453E6AC1D73E6C9007DEF25 /* 27.png in Resources */ = {isa = PBXBuildFile; fileRef = 5453E6931D73E6C9007DEF25 /* 27.png */; };
		5453E6AD1D73E6C9007DEF25 /* 29.png in Resources */ = {isa = PBXBuildFile; fileRef = 5453E6941D73E6C9007DEF25 /* 29.png */; };
		5453E6AE1D73E6C9007DEF25 /* 31.png in Resources */ = {isa = PBXBuildFile; fileRef = 5453E6951D73E6C9007DEF25 /* 31.png */; };
		5453E6AF1D73E6C9007DEF25 /* 33.png in Resources */ = {isa = PBXBuildFile; fileRef = 5453E6961D73E6C9007DEF25 /* 33.png */; };
		5453E6B01D73E6C9007DEF25 /* 35.png in Resources */ = {isa = PBXBuildFile; fileRef = 5453E6971D73E6C9007DEF25 /* 35.png */; };
		5453E6B11D73E6C9007DEF25 /* 37.png in Resources */ = {isa = PBXBuildFile; fileRef = 5453E6981D73E6C9007DEF25 /* 37.png */; };
		5453E6B21D73E6C9007DEF25 /* 39.png in Resources */ = {isa = PBXBuildFile; fileRef = 5453E6991D73E6C9007DEF25 /* 39.png */; };
		5453E6B31D73E6C9007DEF25 /* 41.png in Resources */ = {isa = PBXBuildFile; fileRef = 5453E69A1D73E6C9007DEF25 /* 41.png */; };
		5453E6B41D73E6C9007DEF25 /* 43.png in Resources */ = {isa = PBXBuildFile; fileRef = 5453E69B1D73E6C9007DEF25 /* 43.png */; };
		5453E6B51D73E6C9007DEF25 /* 45.png in Resources */ = {isa = PBXBuildFile; fileRef = 5453E69C1D73E6C9007DEF25 /* 45.png */; };
		5453E6B61D73E6C9007DEF25 /* 47.png in Resources */ = {isa = PBXBuildFile; fileRef = 5453E69D1D73E6C9007DEF25 /* 47.png */; };
		5453E6B71D73E6C9007DEF25 /* naruto_background.jpg in Resources */ = {isa = PBXBuildFile; fileRef = 5453E69E1D73E6C9007DEF25 /* naruto_background.jpg */; };
		5453E6B91D73E896007DEF25 /* CustomGesture.swift in Sources */ = {isa = PBXBuildFile; fileRef = 5453E6B81D73E896007DEF25 /* CustomGesture.swift */; };
/* End PBXBuildFile section */

/* Begin PBXFileReference section */
		5453E6701D73E6B9007DEF25 /* ChangeClother.app */ = {isa = PBXFileReference; explicitFileType = wrapper.application; includeInIndex = 0; path = ChangeClother.app; sourceTree = BUILT_PRODUCTS_DIR; };
		5453E6731D73E6B9007DEF25 /* AppDelegate.swift */ = {isa = PBXFileReference; lastKnownFileType = sourcecode.swift; path = AppDelegate.swift; sourceTree = "<group>"; };
		5453E6751D73E6B9007DEF25 /* ViewController.swift */ = {isa = PBXFileReference; lastKnownFileType = sourcecode.swift; path = ViewController.swift; sourceTree = "<group>"; };
		5453E6781D73E6B9007DEF25 /* Base */ = {isa = PBXFileReference; lastKnownFileType = file.storyboard; name = Base; path = Base.lproj/Main.storyboard; sourceTree = "<group>"; };
		5453E67A1D73E6B9007DEF25 /* Assets.xcassets */ = {isa = PBXFileReference; lastKnownFileType = folder.assetcatalog; path = Assets.xcassets; sourceTree = "<group>"; };
		5453E67D1D73E6B9007DEF25 /* Base */ = {isa = PBXFileReference; lastKnownFileType = file.storyboard; name = Base; path = Base.lproj/LaunchScreen.storyboard; sourceTree = "<group>"; };
		5453E67F1D73E6B9007DEF25 /* Info.plist */ = {isa = PBXFileReference; lastKnownFileType = text.plist.xml; path = Info.plist; sourceTree = "<group>"; };
		5453E6861D73E6C9007DEF25 /* 1.png */ = {isa = PBXFileReference; lastKnownFileType = image.png; path = 1.png; sourceTree = "<group>"; };
		5453E6871D73E6C9007DEF25 /* 3.png */ = {isa = PBXFileReference; lastKnownFileType = image.png; path = 3.png; sourceTree = "<group>"; };
		5453E6881D73E6C9007DEF25 /* 5.png */ = {isa = PBXFileReference; lastKnownFileType = image.png; path = 5.png; sourceTree = "<group>"; };
		5453E6891D73E6C9007DEF25 /* 7.png */ = {isa = PBXFileReference; lastKnownFileType = image.png; path = 7.png; sourceTree = "<group>"; };
		5453E68A1D73E6C9007DEF25 /* 9.png */ = {isa = PBXFileReference; lastKnownFileType = image.png; path = 9.png; sourceTree = "<group>"; };
		5453E68B1D73E6C9007DEF25 /* 11.png */ = {isa = PBXFileReference; lastKnownFileType = image.png; path = 11.png; sourceTree = "<group>"; };
		5453E68C1D73E6C9007DEF25 /* 13.png */ = {isa = PBXFileReference; lastKnownFileType = image.png; path = 13.png; sourceTree = "<group>"; };
		5453E68D1D73E6C9007DEF25 /* 15.png */ = {isa = PBXFileReference; lastKnownFileType = image.png; path = 15.png; sourceTree = "<group>"; };
		5453E68E1D73E6C9007DEF25 /* 17.png */ = {isa = PBXFileReference; lastKnownFileType = image.png; path = 17.png; sourceTree = "<group>"; };
		5453E68F1D73E6C9007DEF25 /* 19.png */ = {isa = PBXFileReference; lastKnownFileType = image.png; path = 19.png; sourceTree = "<group>"; };
		5453E6901D73E6C9007DEF25 /* 21.png */ = {isa = PBXFileReference; lastKnownFileType = image.png; path = 21.png; sourceTree = "<group>"; };
		5453E6911D73E6C9007DEF25 /* 23.png */ = {isa = PBXFileReference; lastKnownFileType = image.png; path = 23.png; sourceTree = "<group>"; };
		5453E6921D73E6C9007DEF25 /* 25.png */ = {isa = PBXFileReference; lastKnownFileType = image.png; path = 25.png; sourceTree = "<group>"; };
		5453E6931D73E6C9007DEF25 /* 27.png */ = {isa = PBXFileReference; lastKnownFileType = image.png; path = 27.png; sourceTree = "<group>"; };
		5453E6941D73E6C9007DEF25 /* 29.png */ = {isa = PBXFileReference; lastKnownFileType = image.png; path = 29.png; sourceTree = "<group>"; };
		5453E6951D73E6C9007DEF25 /* 31.png */ = {isa = PBXFileReference; lastKnownFileType = image.png; path = 31.png; sourceTree = "<group>"; };
		5453E6961D73E6C9007DEF25 /* 33.png */ = {isa = PBXFileReference; lastKnownFileType = image.png; path = 33.png; sourceTree = "<group>"; };
		5453E6971D73E6C9007DEF25 /* 35.png */ = {isa = PBXFileReference; lastKnownFileType = image.png; path = 35.png; sourceTree = "<group>"; };
		5453E6981D73E6C9007DEF25 /* 37.png */ = {isa = PBXFileReference; lastKnownFileType = image.png; path = 37.png; sourceTree = "<group>"; };
		5453E6991D73E6C9007DEF25 /* 39.png */ = {isa = PBXFileReference; lastKnownFileType = image.png; path = 39.png; sourceTree = "<group>"; };
		5453E69A1D73E6C9007DEF25 /* 41.png */ = {isa = PBXFileReference; lastKnownFileType = image.png; path = 41.png; sourceTree = "<group>"; };
		5453E69B1D73E6C9007DEF25 /* 43.png */ = {isa = PBXFileReference; lastKnownFileType = image.png; path = 43.png; sourceTree = "<group>"; };
		5453E69C1D73E6C9007DEF25 /* 45.png */ = {isa = PBXFileReference; lastKnownFileType = image.png; path = 45.png; sourceTree = "<group>"; };
		5453E69D1D73E6C9007DEF25 /* 47.png */ = {isa = PBXFileReference; lastKnownFileType = image.png; path = 47.png; sourceTree = "<group>"; };
		5453E69E1D73E6C9007DEF25 /* naruto_background.jpg */ = {isa = PBXFileReference; lastKnownFileType = image.jpeg; path = naruto_background.jpg; sourceTree = "<group>"; };
		5453E6B81D73E896007DEF25 /* CustomGesture.swift */ = {isa = PBXFileReference; fileEncoding = 4; lastKnownFileType = sourcecode.swift; path = CustomGesture.swift; sourceTree = "<group>"; };
/* End PBXFileReference section */

/* Begin PBXFrameworksBuildPhase section */
		5453E66D1D73E6B9007DEF25 /* Frameworks */ = {
			isa = PBXFrameworksBuildPhase;
			buildActionMask = 2147483647;
			files = (
			);
			runOnlyForDeploymentPostprocessing = 0;
		};
/* End PBXFrameworksBuildPhase section */

/* Begin PBXGroup section */
		5453E6671D73E6B9007DEF25 = {
			isa = PBXGroup;
			children = (
				5453E6721D73E6B9007DEF25 /* ChangeClother */,
				5453E6711D73E6B9007DEF25 /* Products */,
			);
			sourceTree = "<group>";
		};
		5453E6711D73E6B9007DEF25 /* Products */ = {
			isa = PBXGroup;
			children = (
				5453E6701D73E6B9007DEF25 /* ChangeClother.app */,
			);
			name = Products;
			sourceTree = "<group>";
		};
		5453E6721D73E6B9007DEF25 /* ChangeClother */ = {
			isa = PBXGroup;
			children = (
				5453E6851D73E6BE007DEF25 /* resource */,
				5453E6731D73E6B9007DEF25 /* AppDelegate.swift */,
				5453E6751D73E6B9007DEF25 /* ViewController.swift */,
				5453E6771D73E6B9007DEF25 /* Main.storyboard */,
				5453E67A1D73E6B9007DEF25 /* Assets.xcassets */,
				5453E67C1D73E6B9007DEF25 /* LaunchScreen.storyboard */,
				5453E67F1D73E6B9007DEF25 /* Info.plist */,
				5453E6B81D73E896007DEF25 /* CustomGesture.swift */,
			);
			path = ChangeClother;
			sourceTree = "<group>";
		};
		5453E6851D73E6BE007DEF25 /* resource */ = {
			isa = PBXGroup;
			children = (
				5453E6861D73E6C9007DEF25 /* 1.png */,
				5453E6871D73E6C9007DEF25 /* 3.png */,
				5453E6881D73E6C9007DEF25 /* 5.png */,
				5453E6891D73E6C9007DEF25 /* 7.png */,
				5453E68A1D73E6C9007DEF25 /* 9.png */,
				5453E68B1D73E6C9007DEF25 /* 11.png */,
				5453E68C1D73E6C9007DEF25 /* 13.png */,
				5453E68D1D73E6C9007DEF25 /* 15.png */,
				5453E68E1D73E6C9007DEF25 /* 17.png */,
				5453E68F1D73E6C9007DEF25 /* 19.png */,
				5453E6901D73E6C9007DEF25 /* 21.png */,
				5453E6911D73E6C9007DEF25 /* 23.png */,
				5453E6921D73E6C9007DEF25 /* 25.png */,
				5453E6931D73E6C9007DEF25 /* 27.png */,
				5453E6941D73E6C9007DEF25 /* 29.png */,
				5453E6951D73E6C9007DEF25 /* 31.png */,
				5453E6961D73E6C9007DEF25 /* 33.png */,
				5453E6971D73E6C9007DEF25 /* 35.png */,
				5453E6981D73E6C9007DEF25 /* 37.png */,
				5453E6991D73E6C9007DEF25 /* 39.png */,
				5453E69A1D73E6C9007DEF25 /* 41.png */,
				5453E69B1D73E6C9007DEF25 /* 43.png */,
				5453E69C1D73E6C9007DEF25 /* 45.png */,
				5453E69D1D73E6C9007DEF25 /* 47.png */,
				5453E69E1D73E6C9007DEF25 /* naruto_background.jpg */,
			);
			name = resource;
			sourceTree = "<group>";
		};
/* End PBXGroup section */

/* Begin PBXNativeTarget section */
		5453E66F1D73E6B9007DEF25 /* ChangeClother */ = {
			isa = PBXNativeTarget;
			buildConfigurationList = 5453E6821D73E6B9007DEF25 /* Build configuration list for PBXNativeTarget "ChangeClother" */;
			buildPhases = (
				5453E66C1D73E6B9007DEF25 /* Sources */,
				5453E66D1D73E6B9007DEF25 /* Frameworks */,
				5453E66E1D73E6B9007DEF25 /* Resources */,
			);
			buildRules = (
			);
			dependencies = (
			);
			name = ChangeClother;
			productName = ChangeClother;
			productReference = 5453E6701D73E6B9007DEF25 /* ChangeClother.app */;
			productType = "com.apple.product-type.application";
		};
/* End PBXNativeTarget section */

/* Begin PBXProject section */
		5453E6681D73E6B9007DEF25 /* Project object */ = {
			isa = PBXProject;
			attributes = {
				LastSwiftUpdateCheck = 0730;
				LastUpgradeCheck = 0730;
				ORGANIZATIONNAME = newayplus;
				TargetAttributes = {
					5453E66F1D73E6B9007DEF25 = {
						CreatedOnToolsVersion = 7.3.1;
					};
				};
			};
			buildConfigurationList = 5453E66B1D73E6B9007DEF25 /* Build configuration list for PBXProject "ChangeClother" */;
			compatibilityVersion = "Xcode 3.2";
			developmentRegion = English;
			hasScannedForEncodings = 0;
			knownRegions = (
				en,
				Base,
			);
			mainGroup = 5453E6671D73E6B9007DEF25;
			productRefGroup = 5453E6711D73E6B9007DEF25 /* Products */;
			projectDirPath = "";
			projectRoot = "";
			targets = (
				5453E66F1D73E6B9007DEF25 /* ChangeClother */,
			);
		};
/* End PBXProject section */

/* Begin PBXResourcesBuildPhase section */
		5453E66E1D73E6B9007DEF25 /* Resources */ = {
			isa = PBXResourcesBuildPhase;
			buildActionMask = 2147483647;
			files = (
				5453E6B51D73E6C9007DEF25 /* 45.png in Resources */,
				5453E6B21D73E6C9007DEF25 /* 39.png in Resources */,
				5453E6AD1D73E6C9007DEF25 /* 29.png in Resources */,
				5453E6AB1D73E6C9007DEF25 /* 25.png in Resources */,
				5453E6AA1D73E6C9007DEF25 /* 23.png in Resources */,
				5453E6A81D73E6C9007DEF25 /* 19.png in Resources */,
				5453E6A01D73E6C9007DEF25 /* 3.png in Resources */,
				5453E6B01D73E6C9007DEF25 /* 35.png in Resources */,
				5453E6A71D73E6C9007DEF25 /* 17.png in Resources */,
				5453E6A31D73E6C9007DEF25 /* 9.png in Resources */,
				5453E6B61D73E6C9007DEF25 /* 47.png in Resources */,
				5453E6A91D73E6C9007DEF25 /* 21.png in Resources */,
				5453E6B41D73E6C9007DEF25 /* 43.png in Resources */,
				5453E67E1D73E6B9007DEF25 /* LaunchScreen.storyboard in Resources */,
				5453E69F1D73E6C9007DEF25 /* 1.png in Resources */,
				5453E6A41D73E6C9007DEF25 /* 11.png in Resources */,
				5453E6A51D73E6C9007DEF25 /* 13.png in Resources */,
				5453E6B11D73E6C9007DEF25 /* 37.png in Resources */,
				5453E6A21D73E6C9007DEF25 /* 7.png in Resources */,
				5453E6A11D73E6C9007DEF25 /* 5.png in Resources */,
				5453E6B71D73E6C9007DEF25 /* naruto_background.jpg in Resources */,
				5453E67B1D73E6B9007DEF25 /* Assets.xcassets in Resources */,
				5453E6AF1D73E6C9007DEF25 /* 33.png in Resources */,
				5453E6AC1D73E6C9007DEF25 /* 27.png in Resources */,
				5453E6791D73E6B9007DEF25 /* Main.storyboard in Resources */,
				5453E6A61D73E6C9007DEF25 /* 15.png in Resources */,
				5453E6B31D73E6C9007DEF25 /* 41.png in Resources */,
				5453E6AE1D73E6C9007DEF25 /* 31.png in Resources */,
			);
			runOnlyForDeploymentPostprocessing = 0;
		};
/* End PBXResourcesBuildPhase section */

/* Begin PBXSourcesBuildPhase section */
		5453E66C1D73E6B9007DEF25 /* Sources */ = {
			isa = PBXSourcesBuildPhase;
			buildActionMask = 2147483647;
			files = (
				5453E6761D73E6B9007DEF25 /* ViewController.swift in Sources */,
				5453E6741D73E6B9007DEF25 /* AppDelegate.swift in Sources */,
				5453E6B91D73E896007DEF25 /* CustomGesture.swift in Sources */,
			);
			runOnlyForDeploymentPostprocessing = 0;
		};
/* End PBXSourcesBuildPhase section */

/* Begin PBXVariantGroup section */
		5453E6771D73E6B9007DEF25 /* Main.storyboard */ = {
			isa = PBXVariantGroup;
			children = (
				5453E6781D73E6B9007DEF25 /* Base */,
			);
			name = Main.storyboard;
			sourceTree = "<group>";
		};
		5453E67C1D73E6B9007DEF25 /* LaunchScreen.storyboard */ = {
			isa = PBXVariantGroup;
			children = (
				5453E67D1D73E6B9007DEF25 /* Base */,
			);
			name = LaunchScreen.storyboard;
			sourceTree = "<group>";
		};
/* End PBXVariantGroup section */

/* Begin XCBuildConfiguration section */
		5453E6801D73E6B9007DEF25 /* Debug */ = {
			isa = XCBuildConfiguration;
			buildSettings = {
				ALWAYS_SEARCH_USER_PATHS = NO;
				CLANG_ANALYZER_NONNULL = YES;
				CLANG_CXX_LANGUAGE_STANDARD = "gnu++0x";
				CLANG_CXX_LIBRARY = "libc++";
				CLANG_ENABLE_MODULES = YES;
				CLANG_ENABLE_OBJC_ARC = YES;
				CLANG_WARN_BOOL_CONVERSION = YES;
				CLANG_WARN_CONSTANT_CONVERSION = YES;
				CLANG_WARN_DIRECT_OBJC_ISA_USAGE = YES_ERROR;
				CLANG_WARN_EMPTY_BODY = YES;
				CLANG_WARN_ENUM_CONVERSION = YES;
				CLANG_WARN_INT_CONVERSION = YES;
				CLANG_WARN_OBJC_ROOT_CLASS = YES_ERROR;
				CLANG_WARN_UNREACHABLE_CODE = YES;
				CLANG_WARN__DUPLICATE_METHOD_MATCH = YES;
				"CODE_SIGN_IDENTITY[sdk=iphoneos*]" = "iPhone Developer";
				COPY_PHASE_STRIP = NO;
				DEBUG_INFORMATION_FORMAT = dwarf;
				ENABLE_STRICT_OBJC_MSGSEND = YES;
				ENABLE_TESTABILITY = YES;
				GCC_C_LANGUAGE_STANDARD = gnu99;
				GCC_DYNAMIC_NO_PIC = NO;
				GCC_NO_COMMON_BLOCKS = YES;
				GCC_OPTIMIZATION_LEVEL = 0;
				GCC_PREPROCESSOR_DEFINITIONS = (
					"DEBUG=1",
					"$(inherited)",
				);
				GCC_WARN_64_TO_32_BIT_CONVERSION = YES;
				GCC_WARN_ABOUT_RETURN_TYPE = YES_ERROR;
				GCC_WARN_UNDECLARED_SELECTOR = YES;
				GCC_WARN_UNINITIALIZED_AUTOS = YES_AGGRESSIVE;
				GCC_WARN_UNUSED_FUNCTION = YES;
				GCC_WARN_UNUSED_VARIABLE = YES;
				IPHONEOS_DEPLOYMENT_TARGET = 9.3;
				MTL_ENABLE_DEBUG_INFO = YES;
				ONLY_ACTIVE_ARCH = YES;
				SDKROOT = iphoneos;
				SWIFT_OPTIMIZATION_LEVEL = "-Onone";
				TARGETED_DEVICE_FAMILY = "1,2";
			};
			name = Debug;
		};
		5453E6811D73E6B9007DEF25 /* Release */ = {
			isa = XCBuildConfiguration;
			buildSettings = {
				ALWAYS_SEARCH_USER_PATHS = NO;
				CLANG_ANALYZER_NONNULL = YES;
				CLANG_CXX_LANGUAGE_STANDARD = "gnu++0x";
				CLANG_CXX_LIBRARY = "libc++";
				CLANG_ENABLE_MODULES = YES;
				CLANG_ENABLE_OBJC_ARC = YES;
				CLANG_WARN_BOOL_CONVERSION = YES;
				CLANG_WARN_CONSTANT_CONVERSION = YES;
				CLANG_WARN_DIRECT_OBJC_ISA_USAGE = YES_ERROR;
				CLANG_WARN_EMPTY_BODY = YES;
				CLANG_WARN_ENUM_CONVERSION = YES;
				CLANG_WARN_INT_CONVERSION = YES;
				CLANG_WARN_OBJC_ROOT_CLASS = YES_ERROR;
				CLANG_WARN_UNREACHABLE_CODE = YES;
				CLANG_WARN__DUPLICATE_METHOD_MATCH = YES;
				"CODE_SIGN_IDENTITY[sdk=iphoneos*]" = "iPhone Developer";
				COPY_PHASE_STRIP = NO;
				DEBUG_INFORMATION_FORMAT = "dwarf-with-dsym";
				ENABLE_NS_ASSERTIONS = NO;
				ENABLE_STRICT_OBJC_MSGSEND = YES;
				GCC_C_LANGUAGE_STANDARD = gnu99;
				GCC_NO_COMMON_BLOCKS = YES;
				GCC_WARN_64_TO_32_BIT_CONVERSION = YES;
				GCC_WARN_ABOUT_RETURN_TYPE = YES_ERROR;
				GCC_WARN_UNDECLARED_SELECTOR = YES;
				GCC_WARN_UNINITIALIZED_AUTOS = YES_AGGRESSIVE;
				GCC_WARN_UNUSED_FUNCTION = YES;
				GCC_WARN_UNUSED_VARIABLE = YES;
				IPHONEOS_DEPLOYMENT_TARGET = 9.3;
				MTL_ENABLE_DEBUG_INFO = NO;
				SDKROOT = iphoneos;
				TARGETED_DEVICE_FAMILY = "1,2";
				VALIDATE_PRODUCT = YES;
			};
			name = Release;
		};
		5453E6831D73E6B9007DEF25 /* Debug */ = {
			isa = XCBuildConfiguration;
			buildSettings = {
				ASSETCATALOG_COMPILER_APPICON_NAME = AppIcon;
				INFOPLIST_FILE = ChangeClother/Info.plist;
				LD_RUNPATH_SEARCH_PATHS = "$(inherited) @executable_path/Frameworks";
				PRODUCT_BUNDLE_IDENTIFIER = com.newayplus.ChangeClother;
				PRODUCT_NAME = "$(TARGET_NAME)";
			};
			name = Debug;
		};
		5453E6841D73E6B9007DEF25 /* Release */ = {
			isa = XCBuildConfiguration;
			buildSettings = {
				ASSETCATALOG_COMPILER_APPICON_NAME = AppIcon;
				INFOPLIST_FILE = ChangeClother/Info.plist;
				LD_RUNPATH_SEARCH_PATHS = "$(inherited) @executable_path/Frameworks";
				PRODUCT_BUNDLE_IDENTIFIER = com.newayplus.ChangeClother;
				PRODUCT_NAME = "$(TARGET_NAME)";
			};
			name = Release;
		};
/* End XCBuildConfiguration section */

/* Begin XCConfigurationList section */
		5453E66B1D73E6B9007DEF25 /* Build configuration list for PBXProject "ChangeClother" */ = {
			isa = XCConfigurationList;
			buildConfigurations = (
				5453E6801D73E6B9007DEF25 /* Debug */,
				5453E6811D73E6B9007DEF25 /* Release */,
			);
			defaultConfigurationIsVisible = 0;
			defaultConfigurationName = Release;
		};
		5453E6821D73E6B9007DEF25 /* Build configuration list for PBXNativeTarget "ChangeClother" */ = {
			isa = XCConfigurationList;
			buildConfigurations = (
				5453E6831D73E6B9007DEF25 /* Debug */,
				5453E6841D73E6B9007DEF25 /* Release */,
			);
			defaultConfigurationIsVisible = 0;
		};
/* End XCConfigurationList section */
	};
	rootObject = 5453E6681D73E6B9007DEF25 /* Project object */;
}
